
Microsoft Visual Studio Solution File, Format Version 12.00
# Visual Studio 15
VisualStudioVersion = 15.0.26228.9
MinimumVisualStudioVersion = 10.0.40219.1
Project("{FAE04EC0-301F-11D3-BF4B-00C04F79EFBC}") = "gbrueckl.PowerBI.API", "PowerBIClient\gbrueckl.PowerBI.API.csproj", "{812E0EA6-3D4A-4055-8A6C-4762FAF2D280}"
EndProject
Project("{FAE04EC0-301F-11D3-BF4B-00C04F79EFBC}") = "SampleApplication", "SampleApplication\SampleApplication.csproj", "{C792AB3B-15A1-4995-898B-C3F38DA4EF39}"
EndProject
Global
	GlobalSection(SolutionConfigurationPlatforms) = preSolution
		Debug|Any CPU = Debug|Any CPU
		Release|Any CPU = Release|Any CPU
	EndGlobalSection
	GlobalSection(ProjectConfigurationPlatforms) = postSolution
		{812E0EA6-3D4A-4055-8A6C-4762FAF2D280}.Debug|Any CPU.ActiveCfg = Debug|Any CPU
		{812E0EA6-3D4A-4055-8A6C-4762FAF2D280}.Debug|Any CPU.Build.0 = Debug|Any CPU
		{812E0EA6-3D4A-4055-8A6C-4762FAF2D280}.Release|Any CPU.ActiveCfg = Release|Any CPU
		{812E0EA6-3D4A-4055-8A6C-4762FAF2D280}.Release|Any CPU.Build.0 = Release|Any CPU
		{C792AB3B-15A1-4995-898B-C3F38DA4EF39}.Debug|Any CPU.ActiveCfg = Debug|Any CPU
		{C792AB3B-15A1-4995-898B-C3F38DA4EF39}.Debug|Any CPU.Build.0 = Debug|Any CPU
		{C792AB3B-15A1-4995-898B-C3F38DA4EF39}.Release|Any CPU.ActiveCfg = Release|Any CPU
		{C792AB3B-15A1-4995-898B-C3F38DA4EF39}.Release|Any CPU.Build.0 = Release|Any CPU
	EndGlobalSection
	GlobalSection(SolutionProperties) = preSolution
		HideSolutionNode = FALSE
	EndGlobalSection
EndGlobal
